{
  "name": "swag-platform-security",
  "version": "1.0.0",
  "lockfileVersion": 1,
  "requires": true,
  "dependencies": {
    "cookie-storage": {
      "version": "6.0.0",
      "resolved": "https://registry.npmjs.org/cookie-storage/-/cookie-storage-6.0.0.tgz",
      "integrity": "sha512-k9GqiqWIhytlm+Jprm+4mxW1tSa5iB9t3U46ueqkXx1dqD8lEEXKzVgSjyg57ybkhJFpB5PJqO53+J+8RlDZBw=="
    }
  }
}
